# THIS IS AN AUTOGENERATED FILE. DO NOT EDIT THIS FILE DIRECTLY.
# yarn lockfile v1


"@angular/common@~16.0":
  version "16.0.6"
  resolved "https://registry.npmjs.org/@angular/common/-/common-16.0.6.tgz"
  integrity sha512-O3vX7feYT73BMZyfCk1Y2+gzu9TUuO3nw4nMYCq6KX+4RxS/N8M8/9B1ZZuQmym4ZpirR/JuZjUZ2qxhMqIOuQ==
  dependencies:
    tslib "^2.3.0"

"@angular/core@^16.0", "@angular/core@16.0.6":
  version "16.0.6"
  resolved "https://registry.npmjs.org/@angular/core/-/core-16.0.6.tgz"
  integrity sha512-PICuJ3ectfE2CKEoAaO2tHmr7Y3yTzpnOJwAFtbYJGf/nZUzuGvsBCjhwFtMNbBrcSqDlygUG2auEvlnyoAkWg==
  dependencies:
    tslib "^2.3.0"

"rxjs@^6.5.3 || ^7.4.0":
  version "7.8.1"
  resolved "https://registry.npmjs.org/rxjs/-/rxjs-7.8.1.tgz"
  integrity sha512-AA3TVj+0A2iuIoQkWEK/tqFjBq2j+6PO6Y0zJcvzLAFhEFIO3HL0vls9hWLncZbAAbK0mar7oZ4V079I/qPMxg==
  dependencies:
    tslib "^2.1.0"

tslib@^2.1.0, tslib@^2.3.0:
  version "2.6.2"
  resolved "https://registry.npmjs.org/tslib/-/tslib-2.6.2.tgz"
  integrity sha512-AEYxH93jGFPn/a2iVAwW87VuUIkR1FVUKB77NwMF7nBTDkDrrT/Hpt/IrCJ0QXhW27jTBDcf5ZY7w6RiqTMw2Q==

zone.js@~0.13.0:
  version "0.13.3"
  resolved "https://registry.npmjs.org/zone.js/-/zone.js-0.13.3.tgz"
  integrity sha512-MKPbmZie6fASC/ps4dkmIhaT5eonHkEt6eAy80K42tAm0G2W+AahLJjbfi6X9NPdciOE9GRFTTM8u2IiF6O3ww==
  dependencies:
    tslib "^2.3.0"
